
Microsoft Visual Studio Solution File, Format Version 12.00
# Visual Studio Version 16
VisualStudioVersion = 16.0.31911.196
MinimumVisualStudioVersion = 10.0.40219.1
Project("{9A19103F-16F7-4668-BE54-9A1E7A4F7556}") = "SRP", "Solid\SRP.csproj", "{94BD50E0-44C9-4234-99AF-9839E35BFFD9}"
EndProject
Project("{9A19103F-16F7-4668-BE54-9A1E7A4F7556}") = "ConsoleSRP", "ConsoleSRP\ConsoleSRP.csproj", "{27802CEA-876E-496C-B3D9-7585A7BE9BE2}"
EndProject
Project("{2150E333-8FDC-42A3-9474-1A3956D46DE8}") = "1-Solid", "1-Solid", "{F8B35BE2-0BD7-4437-BB69-26FD2B21F41D}"
	ProjectSection(SolutionItems) = preProject
		..\..\..\..\Downloads\Gamma Categorization.docx = ..\..\..\..\Downloads\Gamma Categorization.docx
		..\..\..\..\Downloads\SOLID .docx = ..\..\..\..\Downloads\SOLID .docx
	EndProjectSection
EndProject
Project("{2150E333-8FDC-42A3-9474-1A3956D46DE8}") = "1-SRP", "1-SRP", "{65344982-9D86-4E56-9F8D-F717438271AB}"
EndProject
Project("{2150E333-8FDC-42A3-9474-1A3956D46DE8}") = "2-Open-Close", "2-Open-Close", "{3DE62497-F2C1-44C0-9F5D-3710482AE30F}"
EndProject
Project("{9A19103F-16F7-4668-BE54-9A1E7A4F7556}") = "OCP", "OPC\OCP.csproj", "{9208115D-CC33-404A-9A8D-6B5CB9A62D57}"
EndProject
Project("{9A19103F-16F7-4668-BE54-9A1E7A4F7556}") = "Open_Close", "Open_Close\Open_Close.csproj", "{527159B9-0997-40AA-9C36-C88761F0ADFD}"
EndProject
Project("{2150E333-8FDC-42A3-9474-1A3956D46DE8}") = "3-Liskov-Substitution", "3-Liskov-Substitution", "{C6E5DA85-391E-4FE5-A76D-8BC4AB492716}"
EndProject
Project("{9A19103F-16F7-4668-BE54-9A1E7A4F7556}") = "NoLSCalc", "NoLS\NoLSCalc.csproj", "{4471EAC2-2270-4BAD-B68D-7D095A83457C}"
EndProject
Project("{9A19103F-16F7-4668-BE54-9A1E7A4F7556}") = "LsCalculate", "LsCalculate\LsCalculate.csproj", "{37345424-D10F-47EF-8585-A3F919A124EC}"
EndProject
Project("{9A19103F-16F7-4668-BE54-9A1E7A4F7556}") = "NoLsFruits", "NoLsFruits\NoLsFruits.csproj", "{445F82B9-87A3-4E93-BCE1-13775B8401D6}"
EndProject
Project("{9A19103F-16F7-4668-BE54-9A1E7A4F7556}") = "LSFruits", "LSFruits\LSFruits.csproj", "{E21E1DFC-8E7A-4F33-81ED-457DC6B3021E}"
EndProject
Project("{2150E333-8FDC-42A3-9474-1A3956D46DE8}") = "Fruits", "Fruits", "{097FB1E8-209F-422C-8536-F258746F3AA5}"
EndProject
Project("{2150E333-8FDC-42A3-9474-1A3956D46DE8}") = "Claculator", "Claculator", "{6052300A-E1AE-4567-BF55-9E995B3779A9}"
EndProject
Project("{2150E333-8FDC-42A3-9474-1A3956D46DE8}") = "File", "File", "{D2C9F56C-CC4C-4B30-8A00-D72D5CF1B375}"
EndProject
Project("{9A19103F-16F7-4668-BE54-9A1E7A4F7556}") = "NoLSFile", "NoLSFile\NoLSFile.csproj", "{03A6047D-CF85-4BC2-85CF-9173C34CBDBC}"
EndProject
Project("{9A19103F-16F7-4668-BE54-9A1E7A4F7556}") = "LsFile", "LsFile\LsFile.csproj", "{7F8FDC11-3325-4328-ACBB-CB473C7453B8}"
EndProject
Project("{2150E333-8FDC-42A3-9474-1A3956D46DE8}") = "4-InterfaceSegregation", "4-InterfaceSegregation", "{7483D303-F9DC-4EBA-AE22-E5F166EB69F6}"
EndProject
Project("{9A19103F-16F7-4668-BE54-9A1E7A4F7556}") = "PrinterTask", "PrinterTask\PrinterTask.csproj", "{82C4135E-79EF-4479-BEEF-A3D8D39A1F50}"
EndProject
Project("{9A19103F-16F7-4668-BE54-9A1E7A4F7556}") = "ISPrinter", "LSPrinter\ISPrinter.csproj", "{70D6EDA0-230B-445F-8C3E-F5C925DE7D49}"
EndProject
Project("{9A19103F-16F7-4668-BE54-9A1E7A4F7556}") = "FlyingCar", "FlyingCar\FlyingCar.csproj", "{BCB93DE2-9E67-406B-8ED1-EC55246271AC}"
EndProject
Project("{9A19103F-16F7-4668-BE54-9A1E7A4F7556}") = "FlyingCarIS", "FlyingCarLS\FlyingCarIS.csproj", "{4740C9E4-AD0C-4703-A149-544CD849FDA3}"
EndProject
Project("{2150E333-8FDC-42A3-9474-1A3956D46DE8}") = "5-DependencyInversion", "5-DependencyInversion", "{82A2BF90-4DFE-4B24-9767-8EE2FA2EC04D}"
EndProject
Project("{2150E333-8FDC-42A3-9474-1A3956D46DE8}") = "Decorator", "Decorator", "{D917F5BB-CAD2-40EF-8C16-118A9AD62CF9}"
EndProject
Project("{9A19103F-16F7-4668-BE54-9A1E7A4F7556}") = "DecoratorWrapper", "DecoratorWrapper\DecoratorWrapper.csproj", "{21F09724-95E6-4594-AFD1-A98688771229}"
EndProject
Project("{9A19103F-16F7-4668-BE54-9A1E7A4F7556}") = "AppLayers", "AppLayers\AppLayers.csproj", "{96438889-71EE-4691-AB55-9C5492B50FC5}"
EndProject
Project("{9A19103F-16F7-4668-BE54-9A1E7A4F7556}") = "Employee", "Employee\Employee.csproj", "{615326D6-9A5D-47BC-B2B5-093B587A0CC2}"
EndProject
Project("{9A19103F-16F7-4668-BE54-9A1E7A4F7556}") = "DIEmployee", "DIEmployee\DIEmployee.csproj", "{38609751-D4A5-4629-B91C-1046598046DB}"
EndProject
Project("{2150E333-8FDC-42A3-9474-1A3956D46DE8}") = "Builder", "Builder", "{58A0C7FF-350F-4B1E-BCEB-2AC85A72167B}"
	ProjectSection(SolutionItems) = preProject
		..\..\..\..\Downloads\C# - Builder.docx = ..\..\..\..\Downloads\C# - Builder.docx
	EndProjectSection
EndProject
Project("{9A19103F-16F7-4668-BE54-9A1E7A4F7556}") = "ProductBuilder", "ProductBuilder\ProductBuilder.csproj", "{603ED5E3-FA97-4D88-A8D1-523879FC4943}"
EndProject
Project("{9A19103F-16F7-4668-BE54-9A1E7A4F7556}") = "QueryBuilder", "QueryBuilder\QueryBuilder.csproj", "{FD33349C-4763-45A6-B94A-01F74066862C}"
EndProject
Project("{9A19103F-16F7-4668-BE54-9A1E7A4F7556}") = "BadBuilder", "BadBuilder\BadBuilder.csproj", "{DD7D58BF-A7E3-492B-A2F1-4BF389714627}"
EndProject
Project("{9A19103F-16F7-4668-BE54-9A1E7A4F7556}") = "GoodBuilder", "GoodBuilder\GoodBuilder.csproj", "{B0F29B34-F6A6-44B1-ACA7-7C42142DDD33}"
EndProject
Project("{9A19103F-16F7-4668-BE54-9A1E7A4F7556}") = "BankLoan", "BankLoan\BankLoan.csproj", "{B95438E0-6C81-4E54-BF84-31FA69087D63}"
EndProject
Project("{9A19103F-16F7-4668-BE54-9A1E7A4F7556}") = "LoanAccountBuilderBadExample", "LoanAccountBuilder\LoanAccountBuilderBadExample.csproj", "{9E3E094E-A5D8-4139-AE64-FA659A54B3AD}"
EndProject
Project("{9A19103F-16F7-4668-BE54-9A1E7A4F7556}") = "LoanAccountBuilderGood", "LoanAccountBuilderGood\LoanAccountBuilderGood.csproj", "{E8B1D99E-EFAD-477E-BCD5-F8FAE7A8E3A5}"
EndProject
Project("{2150E333-8FDC-42A3-9474-1A3956D46DE8}") = "RecursiveGenerics", "RecursiveGenerics", "{64F98226-3028-4F28-81D0-BA1CB6C11EC2}"
EndProject
Project("{9A19103F-16F7-4668-BE54-9A1E7A4F7556}") = "FluentProblem", "FluentRecursiveEmployee\FluentProblem.csproj", "{6676889D-98D2-4581-8E02-36DAB9EB83C8}"
EndProject
Project("{9A19103F-16F7-4668-BE54-9A1E7A4F7556}") = "RecursiveGenericsFluent", "RecursiveGenericsFluent\RecursiveGenericsFluent.csproj", "{0B47ABF7-2675-44B2-95A7-414909B88276}"
EndProject
Project("{2150E333-8FDC-42A3-9474-1A3956D46DE8}") = "Factory", "Factory", "{07DF8924-F628-4AA0-ADD9-92753A4919ED}"
	ProjectSection(SolutionItems) = preProject
		..\..\..\..\Downloads\Factories Pattern (1).docx = ..\..\..\..\Downloads\Factories Pattern (1).docx
	EndProjectSection
EndProject
Project("{9A19103F-16F7-4668-BE54-9A1E7A4F7556}") = "StrictScatteredNew", "StrictScatteredNew\StrictScatteredNew.csproj", "{7884EA0B-97EC-4740-ABC9-99E21A470BB6}"
EndProject
Project("{9A19103F-16F7-4668-BE54-9A1E7A4F7556}") = "ProductFactory", "ProductFactory\ProductFactory.csproj", "{795A338E-D78C-457D-AC38-EE0C6E340AC9}"
EndProject
Project("{9A19103F-16F7-4668-BE54-9A1E7A4F7556}") = "InnerFactory", "InnerFactory\InnerFactory.csproj", "{656ED32B-761A-454D-A70B-803B7F0331B2}"
EndProject
Project("{9A19103F-16F7-4668-BE54-9A1E7A4F7556}") = "FactoryMethod", "FactoryMethod\FactoryMethod.csproj", "{18033737-1E4A-4ED3-89F9-D9B5E27694A5}"
EndProject
Project("{9A19103F-16F7-4668-BE54-9A1E7A4F7556}") = "FactoryP", "FactoryP\FactoryP.csproj", "{5E7031B2-44B4-456C-8941-7B1C2F03A5A7}"
EndProject
Project("{9A19103F-16F7-4668-BE54-9A1E7A4F7556}") = "AbstractFactory", "AbstractFactory\AbstractFactory.csproj", "{FD1D590A-38E9-4596-9F8E-8E9879A4FBB1}"
EndProject
Project("{9A19103F-16F7-4668-BE54-9A1E7A4F7556}") = "AbstractAnimalFactory", "AbstractAnimalFactory\AbstractAnimalFactory.csproj", "{E193D4FF-EF70-4C89-A19C-E530407CE820}"
EndProject
Project("{2150E333-8FDC-42A3-9474-1A3956D46DE8}") = "Prototype", "Prototype", "{DEB9EFB6-B7E1-4EC7-8592-369CE773B73C}"
	ProjectSection(SolutionItems) = preProject
		..\..\..\..\Downloads\Prototype.docx = ..\..\..\..\Downloads\Prototype.docx
	EndProjectSection
EndProject
Project("{9A19103F-16F7-4668-BE54-9A1E7A4F7556}") = "EmployeeExample", "EmployeeExample\EmployeeExample.csproj", "{770DCFC3-7A5F-49EF-8D4B-575D69BA9524}"
EndProject
Project("{2150E333-8FDC-42A3-9474-1A3956D46DE8}") = "Employee", "Employee", "{67063D8A-127B-48DB-857A-213F018AA760}"
EndProject
Project("{9A19103F-16F7-4668-BE54-9A1E7A4F7556}") = "PrototypeEmployee", "PrototypeEmployee\PrototypeEmployee.csproj", "{910BB651-2ACE-4D9B-AE77-C849453FFD56}"
EndProject
Project("{2150E333-8FDC-42A3-9474-1A3956D46DE8}") = "Person", "Person", "{D8DB5A0D-CA79-4DC6-A8CA-FEDD879BA8EA}"
EndProject
Project("{9A19103F-16F7-4668-BE54-9A1E7A4F7556}") = "Person", "Person\Person.csproj", "{67597FF8-EFFE-424D-87E9-9597F13DAB7C}"
EndProject
Project("{9A19103F-16F7-4668-BE54-9A1E7A4F7556}") = "PrototypeExmp", "PrototypeExmp\PrototypeExmp.csproj", "{569C5A3E-F5FE-45F5-B5A2-86EFAF2CA404}"
EndProject
Project("{2150E333-8FDC-42A3-9474-1A3956D46DE8}") = "Singleton", "Singleton", "{C9903C47-3943-4EB1-86D0-237974F6E3E9}"
EndProject
Project("{9A19103F-16F7-4668-BE54-9A1E7A4F7556}") = "Singleton", "Singleton\Singleton.csproj", "{514211B4-314D-49CC-A817-EC0B682F8696}"
EndProject
Project("{9A19103F-16F7-4668-BE54-9A1E7A4F7556}") = "BadExample", "BadExample\BadExample.csproj", "{3BAAFB84-A5CA-42A5-81D0-EF09F8F0E7B1}"
EndProject
Project("{9A19103F-16F7-4668-BE54-9A1E7A4F7556}") = "AccessProblem", "AccessProblem\AccessProblem.csproj", "{DCEED9F0-952E-4880-B993-708F04A573DC}"
EndProject
Project("{9A19103F-16F7-4668-BE54-9A1E7A4F7556}") = "SyncAccessLockSolution", "SyncAccessLockSolution\SyncAccessLockSolution.csproj", "{737EE6BD-6583-4AF2-BF16-E62620268F1E}"
EndProject
Project("{9A19103F-16F7-4668-BE54-9A1E7A4F7556}") = "SyncAccessStaticCtorS", "SyncAccessStaticCtorS\SyncAccessStaticCtorS.csproj", "{665F97B4-52B7-4ECB-94F0-CCF2238688B8}"
EndProject
Project("{9A19103F-16F7-4668-BE54-9A1E7A4F7556}") = "SyncProblem", "SyncProblem\SyncProblem.csproj", "{DAD5BCA8-85DF-4C73-9F9B-32D709B6F37C}"
EndProject
Project("{2150E333-8FDC-42A3-9474-1A3956D46DE8}") = "Adapter", "Adapter", "{1D9C8446-A07A-4CF7-8E51-989BFCA38FE9}"
	ProjectSection(SolutionItems) = preProject
		..\..\..\..\Downloads\Adapter.docx = ..\..\..\..\Downloads\Adapter.docx
	EndProjectSection
EndProject
Project("{9A19103F-16F7-4668-BE54-9A1E7A4F7556}") = "Adapter", "Adapter\Adapter.csproj", "{AA3624EE-91C1-4824-95AA-B1629CA10C24}"
EndProject
Project("{9A19103F-16F7-4668-BE54-9A1E7A4F7556}") = "Adapter6", "Adapter6\Adapter6.csproj", "{6C3B56A5-F539-4F9A-B958-50C70F741DDE}"
EndProject
Project("{9A19103F-16F7-4668-BE54-9A1E7A4F7556}") = "AdaptorApi", "AdaptorApi\AdaptorApi.csproj", "{5072E539-37E4-4DD0-9E3D-6F1959D1B985}"
EndProject
Project("{9A19103F-16F7-4668-BE54-9A1E7A4F7556}") = "NetSix", "NetSix\NetSix.csproj", "{BC8EE9C8-5472-48C3-8D34-050CBAEAEC77}"
EndProject
Project("{2150E333-8FDC-42A3-9474-1A3956D46DE8}") = "Bridge", "Bridge", "{E0DE0BF1-851A-42BE-B25B-5EFE67FC0E10}"
EndProject
Project("{9A19103F-16F7-4668-BE54-9A1E7A4F7556}") = "Bridge", "Bridge\Bridge.csproj", "{42A00889-F236-4210-8D2D-E22C8890BD23}"
EndProject
Project("{9A19103F-16F7-4668-BE54-9A1E7A4F7556}") = "Adapter-Chemicals", "Adapter-Chemicals\Adapter-Chemicals.csproj", "{5CB9A174-9C07-4A31-9822-5537A39A1C16}"
EndProject
Project("{9A19103F-16F7-4668-BE54-9A1E7A4F7556}") = "Client-Bridge", "Client-Bridge\Client-Bridge.csproj", "{D7657803-4F05-4E97-ABEE-70F3474BF464}"
EndProject
Project("{2150E333-8FDC-42A3-9474-1A3956D46DE8}") = "Composite", "Composite", "{1690AFEB-7CDD-41CC-8A03-6231B31B7347}"
EndProject
Project("{9A19103F-16F7-4668-BE54-9A1E7A4F7556}") = "Composite", "Composite\Composite.csproj", "{7475B4B5-3175-428D-B442-3D30E619B5FF}"
EndProject
Project("{9A19103F-16F7-4668-BE54-9A1E7A4F7556}") = "Composite-Audio", "Composite-Audio\Composite-Audio.csproj", "{DC6C26F7-2012-4E6A-B804-C983311E0985}"
EndProject
Project("{9A19103F-16F7-4668-BE54-9A1E7A4F7556}") = "SimpleComposite", "SimpleComposite\SimpleComposite.csproj", "{D47F8208-7698-4711-A76D-B8DD1362E2CA}"
EndProject
Project("{9A19103F-16F7-4668-BE54-9A1E7A4F7556}") = "MenuDecorator", "MenuDecorator\MenuDecorator.csproj", "{7D3A53B9-BFF9-4C1C-A9F9-324E266E213C}"
EndProject
Project("{2150E333-8FDC-42A3-9474-1A3956D46DE8}") = "Facade", "Facade", "{A045895F-2361-4901-B745-D3D50F8F1D0B}"
EndProject
Project("{9A19103F-16F7-4668-BE54-9A1E7A4F7556}") = "Facade", "Facade\Facade.csproj", "{05DAB878-9751-4E5A-BF4D-BD86676C87EC}"
EndProject
Project("{9A19103F-16F7-4668-BE54-9A1E7A4F7556}") = "Kitchen", "Kitchen\Kitchen.csproj", "{C553C734-CFCA-49DA-90B3-6657011D8817}"
EndProject
Project("{2150E333-8FDC-42A3-9474-1A3956D46DE8}") = "FlyWeight", "FlyWeight", "{D10F459D-2239-4ADD-9557-5E8522E9761E}"
EndProject
Project("{9A19103F-16F7-4668-BE54-9A1E7A4F7556}") = "FlyweightProblem", "FlyweightProblem\FlyweightProblem.csproj", "{6D16CFD3-06F0-45B0-A815-E0EA9730FFBF}"
EndProject
Project("{9A19103F-16F7-4668-BE54-9A1E7A4F7556}") = "FlyweightSolution", "FlyweightSolution\FlyweightSolution.csproj", "{C55FE948-6CEC-4DDA-BAA4-E6997111CF6F}"
EndProject
Project("{9A19103F-16F7-4668-BE54-9A1E7A4F7556}") = "StateWithFlyweight", "StateWithFlyweight\StateWithFlyweight.csproj", "{BCFDBB42-6D3C-4219-8207-C14E930BC4FF}"
EndProject
Project("{9A19103F-16F7-4668-BE54-9A1E7A4F7556}") = "StateWithoutFlyweight", "StateWithoutFlyweight\StateWithoutFlyweight.csproj", "{B416EA96-D47F-4C49-9E48-5F742830B852}"
EndProject
Project("{2150E333-8FDC-42A3-9474-1A3956D46DE8}") = "Proxy", "Proxy", "{A027B3F9-8AE0-49A3-B427-A2BE7D955A4A}"
EndProject
Project("{9A19103F-16F7-4668-BE54-9A1E7A4F7556}") = "Proxy", "Proxy\Proxy.csproj", "{E3EC06D8-6D54-4978-B18F-0861910E0788}"
EndProject
Project("{2150E333-8FDC-42A3-9474-1A3956D46DE8}") = "COR", "COR", "{95451444-5E2F-4B5A-9474-DA53627EFB15}"
	ProjectSection(SolutionItems) = preProject
		..\..\..\..\Downloads\Chain of Responsibility.docx = ..\..\..\..\Downloads\Chain of Responsibility.docx
	EndProjectSection
EndProject
Project("{9A19103F-16F7-4668-BE54-9A1E7A4F7556}") = "AtmChainOfResponsibility", "AtmChainOfResponsibility\AtmChainOfResponsibility.csproj", "{5DB28C1D-B799-4571-9DC7-D8800BF106F8}"
EndProject
Project("{9A19103F-16F7-4668-BE54-9A1E7A4F7556}") = "SimpleCOR", "SimpleCOR\SimpleCOR.csproj", "{2C0B5DE6-4BD3-4439-AD3F-27A6C0E1E310}"
EndProject
Project("{2150E333-8FDC-42A3-9474-1A3956D46DE8}") = "Command", "Command", "{AC1E8FB5-4D4A-4127-BCA0-FDD7D75D46BE}"
	ProjectSection(SolutionItems) = preProject
		..\..\..\..\Downloads\Command DesignPattern.docx = ..\..\..\..\Downloads\Command DesignPattern.docx
	EndProjectSection
EndProject
Project("{9A19103F-16F7-4668-BE54-9A1E7A4F7556}") = "ElectronicDeviceCommand", "ElectronicDeviceCommand\ElectronicDeviceCommand.csproj", "{5CBFAE2A-A292-48F3-A0AB-88DFA80AB41B}"
EndProject
Project("{9A19103F-16F7-4668-BE54-9A1E7A4F7556}") = "simpleCommand", "simpleCommand\simpleCommand.csproj", "{B2DB686C-2A9B-43C8-A69D-9D336CDD2707}"
EndProject
Project("{2150E333-8FDC-42A3-9474-1A3956D46DE8}") = "Interpreter", "Interpreter", "{605B6CCB-7A7E-4788-92CC-1269FB06D3A7}"
	ProjectSection(SolutionItems) = preProject
		..\..\..\..\Downloads\Interpreter.docx = ..\..\..\..\Downloads\Interpreter.docx
	EndProjectSection
EndProject
Project("{9A19103F-16F7-4668-BE54-9A1E7A4F7556}") = "LanguageInterpreter", "LanguageInterpreter\LanguageInterpreter.csproj", "{AA095E6C-3CE3-4897-94ED-C13161EC130B}"
EndProject
Project("{9A19103F-16F7-4668-BE54-9A1E7A4F7556}") = "DateTimeInterpreter", "DateTimeInterpreter\DateTimeInterpreter.csproj", "{33C68F99-4F74-43B7-BE47-9F903EEA22BF}"
EndProject
Project("{9A19103F-16F7-4668-BE54-9A1E7A4F7556}") = "BuildAndInterpretCommands", "BuildAndInterpretCommands\BuildAndInterpretCommands.csproj", "{10F869F3-12BD-44B8-AE1B-5FF26A5A3067}"
EndProject
Project("{2150E333-8FDC-42A3-9474-1A3956D46DE8}") = "Iterator", "Iterator", "{83942F34-664F-48EC-B3C2-43CD369FFAB8}"
	ProjectSection(SolutionItems) = preProject
		..\..\..\..\Downloads\Iterator.docx = ..\..\..\..\Downloads\Iterator.docx
	EndProjectSection
EndProject
Project("{9A19103F-16F7-4668-BE54-9A1E7A4F7556}") = "SimpleIterator", "SimpleIterator\SimpleIterator.csproj", "{5AD66322-4000-4B36-BD4B-8784AFC8C017}"
EndProject
Project("{9A19103F-16F7-4668-BE54-9A1E7A4F7556}") = "MyIterator", "MyIterator\MyIterator.csproj", "{66E673E0-E6C3-4A31-9A2F-5EC857310F4C}"
EndProject
Project("{2150E333-8FDC-42A3-9474-1A3956D46DE8}") = "Null", "Null", "{7DACFEA8-C550-4C10-B98B-E4A4303E80A3}"
	ProjectSection(SolutionItems) = preProject
		..\..\..\..\Downloads\Null Object Design Pattern.docx = ..\..\..\..\Downloads\Null Object Design Pattern.docx
	EndProjectSection
EndProject
Project("{9A19103F-16F7-4668-BE54-9A1E7A4F7556}") = "NullDesignPattern", "NullDesignPattern\NullDesignPattern.csproj", "{5902582D-F454-47E9-9C38-0EB06929954D}"
EndProject
Project("{9A19103F-16F7-4668-BE54-9A1E7A4F7556}") = "NullPattern", "NullPattern\NullPattern.csproj", "{F5CA7B0F-E247-4F19-880A-5A56A7EA1AEA}"
EndProject
Project("{2150E333-8FDC-42A3-9474-1A3956D46DE8}") = "Mediator", "Mediator", "{4A1E6105-3DD4-41AE-AFA4-A90974448060}"
	ProjectSection(SolutionItems) = preProject
		..\..\..\..\Downloads\Mediator.docx = ..\..\..\..\Downloads\Mediator.docx
	EndProjectSection
EndProject
Project("{9A19103F-16F7-4668-BE54-9A1E7A4F7556}") = "MediatorProblem", "MediatorProblem\MediatorProblem.csproj", "{5943ADA2-39E1-43CA-AB2C-E9520CE2AD4B}"
EndProject
Project("{9A19103F-16F7-4668-BE54-9A1E7A4F7556}") = "MediatorSolution", "MediatorSolution\MediatorSolution.csproj", "{B8BC96D2-5BC7-4C63-87AD-090BFFEDD233}"
EndProject
Project("{9A19103F-16F7-4668-BE54-9A1E7A4F7556}") = "InterfaceSolution", "InterfaceSolution\InterfaceSolution.csproj", "{50FD76EE-A1C3-4F39-9FBD-F19BDC90C4C8}"
EndProject
Project("{9A19103F-16F7-4668-BE54-9A1E7A4F7556}") = "SimpleExmpleMediator", "SimpleExmpleMediator\SimpleExmpleMediator.csproj", "{3CE4DFCB-5ABA-41DA-B19E-2444382CE155}"
EndProject
Project("{9A19103F-16F7-4668-BE54-9A1E7A4F7556}") = "MediatorClasses", "MediatorClasses\MediatorClasses.csproj", "{44593EFF-5437-448C-A11C-5DFC616124BE}"
EndProject
Project("{2150E333-8FDC-42A3-9474-1A3956D46DE8}") = "Memento", "Memento", "{F311A296-D62D-4BF4-8637-9BF258B2B0C3}"
	ProjectSection(SolutionItems) = preProject
		..\..\..\..\Downloads\Memento.docx = ..\..\..\..\Downloads\Memento.docx
	EndProjectSection
EndProject
Project("{9A19103F-16F7-4668-BE54-9A1E7A4F7556}") = "MementoSturcture", "MementoSturcture\MementoSturcture.csproj", "{29D538E8-9CB5-424B-9DE9-84B5CCBDC247}"
EndProject
Project("{9A19103F-16F7-4668-BE54-9A1E7A4F7556}") = "MementoSimple", "MementoSimple\MementoSimple.csproj", "{AF0E2B80-2074-44C4-A419-C8F1DA0BAA78}"
EndProject
Project("{9A19103F-16F7-4668-BE54-9A1E7A4F7556}") = "MementoPlayer", "MementoPlayer\MementoPlayer.csproj", "{E615DD64-1099-4D17-A219-ACC7D28B743A}"
EndProject
Project("{9A19103F-16F7-4668-BE54-9A1E7A4F7556}") = "MementoWithDate", "MementoWithDate\MementoWithDate.csproj", "{DA38CDD4-C54D-4867-A90E-E41401BC39A7}"
EndProject
Project("{9A19103F-16F7-4668-BE54-9A1E7A4F7556}") = "NullObjectProblem", "NullObjectProblem\NullObjectProblem.csproj", "{605A09F1-4F78-47F1-A2C5-FCFFC8F4B7D1}"
EndProject
Project("{2150E333-8FDC-42A3-9474-1A3956D46DE8}") = "Observer", "Observer", "{2D7A75EB-DE2E-48FA-9369-29F2C1BCD0FE}"
EndProject
Project("{FAE04EC0-301F-11D3-BF4B-00C04F79EFBC}") = "ObserveWeatherForecast", "ObserveWeatherForecast\ObserveWeatherForecast.csproj", "{6A77FFB4-B4E4-40EB-AF68-95366180EA04}"
EndProject
Project("{FAE04EC0-301F-11D3-BF4B-00C04F79EFBC}") = "Pub-Sub", "Pub-Sub\Pub-Sub.csproj", "{07070F3F-B57E-4AC5-B28F-76CD6DF7F04A}"
EndProject
Project("{FAE04EC0-301F-11D3-BF4B-00C04F79EFBC}") = "ObserverStructure", "ObserverStructure\ObserverStructure.csproj", "{64FF6481-3B63-4A0B-8A2F-ED972AE57CBA}"
EndProject
Global
	GlobalSection(SolutionConfigurationPlatforms) = preSolution
		Debug|Any CPU = Debug|Any CPU
		Release|Any CPU = Release|Any CPU
	EndGlobalSection
	GlobalSection(ProjectConfigurationPlatforms) = postSolution
		{94BD50E0-44C9-4234-99AF-9839E35BFFD9}.Debug|Any CPU.ActiveCfg = Debug|Any CPU
		{94BD50E0-44C9-4234-99AF-9839E35BFFD9}.Debug|Any CPU.Build.0 = Debug|Any CPU
		{94BD50E0-44C9-4234-99AF-9839E35BFFD9}.Release|Any CPU.ActiveCfg = Release|Any CPU
		{94BD50E0-44C9-4234-99AF-9839E35BFFD9}.Release|Any CPU.Build.0 = Release|Any CPU
		{27802CEA-876E-496C-B3D9-7585A7BE9BE2}.Debug|Any CPU.ActiveCfg = Debug|Any CPU
		{27802CEA-876E-496C-B3D9-7585A7BE9BE2}.Debug|Any CPU.Build.0 = Debug|Any CPU
		{27802CEA-876E-496C-B3D9-7585A7BE9BE2}.Release|Any CPU.ActiveCfg = Release|Any CPU
		{27802CEA-876E-496C-B3D9-7585A7BE9BE2}.Release|Any CPU.Build.0 = Release|Any CPU
		{9208115D-CC33-404A-9A8D-6B5CB9A62D57}.Debug|Any CPU.ActiveCfg = Debug|Any CPU
		{9208115D-CC33-404A-9A8D-6B5CB9A62D57}.Debug|Any CPU.Build.0 = Debug|Any CPU
		{9208115D-CC33-404A-9A8D-6B5CB9A62D57}.Release|Any CPU.ActiveCfg = Release|Any CPU
		{9208115D-CC33-404A-9A8D-6B5CB9A62D57}.Release|Any CPU.Build.0 = Release|Any CPU
		{527159B9-0997-40AA-9C36-C88761F0ADFD}.Debug|Any CPU.ActiveCfg = Debug|Any CPU
		{527159B9-0997-40AA-9C36-C88761F0ADFD}.Debug|Any CPU.Build.0 = Debug|Any CPU
		{527159B9-0997-40AA-9C36-C88761F0ADFD}.Release|Any CPU.ActiveCfg = Release|Any CPU
		{527159B9-0997-40AA-9C36-C88761F0ADFD}.Release|Any CPU.Build.0 = Release|Any CPU
		{4471EAC2-2270-4BAD-B68D-7D095A83457C}.Debug|Any CPU.ActiveCfg = Debug|Any CPU
		{4471EAC2-2270-4BAD-B68D-7D095A83457C}.Debug|Any CPU.Build.0 = Debug|Any CPU
		{4471EAC2-2270-4BAD-B68D-7D095A83457C}.Release|Any CPU.ActiveCfg = Release|Any CPU
		{4471EAC2-2270-4BAD-B68D-7D095A83457C}.Release|Any CPU.Build.0 = Release|Any CPU
		{37345424-D10F-47EF-8585-A3F919A124EC}.Debug|Any CPU.ActiveCfg = Debug|Any CPU
		{37345424-D10F-47EF-8585-A3F919A124EC}.Debug|Any CPU.Build.0 = Debug|Any CPU
		{37345424-D10F-47EF-8585-A3F919A124EC}.Release|Any CPU.ActiveCfg = Release|Any CPU
		{37345424-D10F-47EF-8585-A3F919A124EC}.Release|Any CPU.Build.0 = Release|Any CPU
		{445F82B9-87A3-4E93-BCE1-13775B8401D6}.Debug|Any CPU.ActiveCfg = Debug|Any CPU
		{445F82B9-87A3-4E93-BCE1-13775B8401D6}.Debug|Any CPU.Build.0 = Debug|Any CPU
		{445F82B9-87A3-4E93-BCE1-13775B8401D6}.Release|Any CPU.ActiveCfg = Release|Any CPU
		{445F82B9-87A3-4E93-BCE1-13775B8401D6}.Release|Any CPU.Build.0 = Release|Any CPU
		{E21E1DFC-8E7A-4F33-81ED-457DC6B3021E}.Debug|Any CPU.ActiveCfg = Debug|Any CPU
		{E21E1DFC-8E7A-4F33-81ED-457DC6B3021E}.Debug|Any CPU.Build.0 = Debug|Any CPU
		{E21E1DFC-8E7A-4F33-81ED-457DC6B3021E}.Release|Any CPU.ActiveCfg = Release|Any CPU
		{E21E1DFC-8E7A-4F33-81ED-457DC6B3021E}.Release|Any CPU.Build.0 = Release|Any CPU
		{03A6047D-CF85-4BC2-85CF-9173C34CBDBC}.Debug|Any CPU.ActiveCfg = Debug|Any CPU
		{03A6047D-CF85-4BC2-85CF-9173C34CBDBC}.Debug|Any CPU.Build.0 = Debug|Any CPU
		{03A6047D-CF85-4BC2-85CF-9173C34CBDBC}.Release|Any CPU.ActiveCfg = Release|Any CPU
		{03A6047D-CF85-4BC2-85CF-9173C34CBDBC}.Release|Any CPU.Build.0 = Release|Any CPU
		{7F8FDC11-3325-4328-ACBB-CB473C7453B8}.Debug|Any CPU.ActiveCfg = Debug|Any CPU
		{7F8FDC11-3325-4328-ACBB-CB473C7453B8}.Debug|Any CPU.Build.0 = Debug|Any CPU
		{7F8FDC11-3325-4328-ACBB-CB473C7453B8}.Release|Any CPU.ActiveCfg = Release|Any CPU
		{7F8FDC11-3325-4328-ACBB-CB473C7453B8}.Release|Any CPU.Build.0 = Release|Any CPU
		{82C4135E-79EF-4479-BEEF-A3D8D39A1F50}.Debug|Any CPU.ActiveCfg = Debug|Any CPU
		{82C4135E-79EF-4479-BEEF-A3D8D39A1F50}.Debug|Any CPU.Build.0 = Debug|Any CPU
		{82C4135E-79EF-4479-BEEF-A3D8D39A1F50}.Release|Any CPU.ActiveCfg = Release|Any CPU
		{82C4135E-79EF-4479-BEEF-A3D8D39A1F50}.Release|Any CPU.Build.0 = Release|Any CPU
		{70D6EDA0-230B-445F-8C3E-F5C925DE7D49}.Debug|Any CPU.ActiveCfg = Debug|Any CPU
		{70D6EDA0-230B-445F-8C3E-F5C925DE7D49}.Debug|Any CPU.Build.0 = Debug|Any CPU
		{70D6EDA0-230B-445F-8C3E-F5C925DE7D49}.Release|Any CPU.ActiveCfg = Release|Any CPU
		{70D6EDA0-230B-445F-8C3E-F5C925DE7D49}.Release|Any CPU.Build.0 = Release|Any CPU
		{BCB93DE2-9E67-406B-8ED1-EC55246271AC}.Debug|Any CPU.ActiveCfg = Debug|Any CPU
		{BCB93DE2-9E67-406B-8ED1-EC55246271AC}.Debug|Any CPU.Build.0 = Debug|Any CPU
		{BCB93DE2-9E67-406B-8ED1-EC55246271AC}.Release|Any CPU.ActiveCfg = Release|Any CPU
		{BCB93DE2-9E67-406B-8ED1-EC55246271AC}.Release|Any CPU.Build.0 = Release|Any CPU
		{4740C9E4-AD0C-4703-A149-544CD849FDA3}.Debug|Any CPU.ActiveCfg = Debug|Any CPU
		{4740C9E4-AD0C-4703-A149-544CD849FDA3}.Debug|Any CPU.Build.0 = Debug|Any CPU
		{4740C9E4-AD0C-4703-A149-544CD849FDA3}.Release|Any CPU.ActiveCfg = Release|Any CPU
		{4740C9E4-AD0C-4703-A149-544CD849FDA3}.Release|Any CPU.Build.0 = Release|Any CPU
		{21F09724-95E6-4594-AFD1-A98688771229}.Debug|Any CPU.ActiveCfg = Debug|Any CPU
		{21F09724-95E6-4594-AFD1-A98688771229}.Debug|Any CPU.Build.0 = Debug|Any CPU
		{21F09724-95E6-4594-AFD1-A98688771229}.Release|Any CPU.ActiveCfg = Release|Any CPU
		{21F09724-95E6-4594-AFD1-A98688771229}.Release|Any CPU.Build.0 = Release|Any CPU
		{96438889-71EE-4691-AB55-9C5492B50FC5}.Debug|Any CPU.ActiveCfg = Debug|Any CPU
		{96438889-71EE-4691-AB55-9C5492B50FC5}.Debug|Any CPU.Build.0 = Debug|Any CPU
		{96438889-71EE-4691-AB55-9C5492B50FC5}.Release|Any CPU.ActiveCfg = Release|Any CPU
		{96438889-71EE-4691-AB55-9C5492B50FC5}.Release|Any CPU.Build.0 = Release|Any CPU
		{615326D6-9A5D-47BC-B2B5-093B587A0CC2}.Debug|Any CPU.ActiveCfg = Debug|Any CPU
		{615326D6-9A5D-47BC-B2B5-093B587A0CC2}.Debug|Any CPU.Build.0 = Debug|Any CPU
		{615326D6-9A5D-47BC-B2B5-093B587A0CC2}.Release|Any CPU.ActiveCfg = Release|Any CPU
		{615326D6-9A5D-47BC-B2B5-093B587A0CC2}.Release|Any CPU.Build.0 = Release|Any CPU
		{38609751-D4A5-4629-B91C-1046598046DB}.Debug|Any CPU.ActiveCfg = Debug|Any CPU
		{38609751-D4A5-4629-B91C-1046598046DB}.Debug|Any CPU.Build.0 = Debug|Any CPU
		{38609751-D4A5-4629-B91C-1046598046DB}.Release|Any CPU.ActiveCfg = Release|Any CPU
		{38609751-D4A5-4629-B91C-1046598046DB}.Release|Any CPU.Build.0 = Release|Any CPU
		{603ED5E3-FA97-4D88-A8D1-523879FC4943}.Debug|Any CPU.ActiveCfg = Debug|Any CPU
		{603ED5E3-FA97-4D88-A8D1-523879FC4943}.Debug|Any CPU.Build.0 = Debug|Any CPU
		{603ED5E3-FA97-4D88-A8D1-523879FC4943}.Release|Any CPU.ActiveCfg = Release|Any CPU
		{603ED5E3-FA97-4D88-A8D1-523879FC4943}.Release|Any CPU.Build.0 = Release|Any CPU
		{FD33349C-4763-45A6-B94A-01F74066862C}.Debug|Any CPU.ActiveCfg = Debug|Any CPU
		{FD33349C-4763-45A6-B94A-01F74066862C}.Debug|Any CPU.Build.0 = Debug|Any CPU
		{FD33349C-4763-45A6-B94A-01F74066862C}.Release|Any CPU.ActiveCfg = Release|Any CPU
		{FD33349C-4763-45A6-B94A-01F74066862C}.Release|Any CPU.Build.0 = Release|Any CPU
		{DD7D58BF-A7E3-492B-A2F1-4BF389714627}.Debug|Any CPU.ActiveCfg = Debug|Any CPU
		{DD7D58BF-A7E3-492B-A2F1-4BF389714627}.Debug|Any CPU.Build.0 = Debug|Any CPU
		{DD7D58BF-A7E3-492B-A2F1-4BF389714627}.Release|Any CPU.ActiveCfg = Release|Any CPU
		{DD7D58BF-A7E3-492B-A2F1-4BF389714627}.Release|Any CPU.Build.0 = Release|Any CPU
		{B0F29B34-F6A6-44B1-ACA7-7C42142DDD33}.Debug|Any CPU.ActiveCfg = Debug|Any CPU
		{B0F29B34-F6A6-44B1-ACA7-7C42142DDD33}.Debug|Any CPU.Build.0 = Debug|Any CPU
		{B0F29B34-F6A6-44B1-ACA7-7C42142DDD33}.Release|Any CPU.ActiveCfg = Release|Any CPU
		{B0F29B34-F6A6-44B1-ACA7-7C42142DDD33}.Release|Any CPU.Build.0 = Release|Any CPU
		{B95438E0-6C81-4E54-BF84-31FA69087D63}.Debug|Any CPU.ActiveCfg = Debug|Any CPU
		{B95438E0-6C81-4E54-BF84-31FA69087D63}.Debug|Any CPU.Build.0 = Debug|Any CPU
		{B95438E0-6C81-4E54-BF84-31FA69087D63}.Release|Any CPU.ActiveCfg = Release|Any CPU
		{B95438E0-6C81-4E54-BF84-31FA69087D63}.Release|Any CPU.Build.0 = Release|Any CPU
		{9E3E094E-A5D8-4139-AE64-FA659A54B3AD}.Debug|Any CPU.ActiveCfg = Debug|Any CPU
		{9E3E094E-A5D8-4139-AE64-FA659A54B3AD}.Debug|Any CPU.Build.0 = Debug|Any CPU
		{9E3E094E-A5D8-4139-AE64-FA659A54B3AD}.Release|Any CPU.ActiveCfg = Release|Any CPU
		{9E3E094E-A5D8-4139-AE64-FA659A54B3AD}.Release|Any CPU.Build.0 = Release|Any CPU
		{E8B1D99E-EFAD-477E-BCD5-F8FAE7A8E3A5}.Debug|Any CPU.ActiveCfg = Debug|Any CPU
		{E8B1D99E-EFAD-477E-BCD5-F8FAE7A8E3A5}.Debug|Any CPU.Build.0 = Debug|Any CPU
		{E8B1D99E-EFAD-477E-BCD5-F8FAE7A8E3A5}.Release|Any CPU.ActiveCfg = Release|Any CPU
		{E8B1D99E-EFAD-477E-BCD5-F8FAE7A8E3A5}.Release|Any CPU.Build.0 = Release|Any CPU
		{6676889D-98D2-4581-8E02-36DAB9EB83C8}.Debug|Any CPU.ActiveCfg = Debug|Any CPU
		{6676889D-98D2-4581-8E02-36DAB9EB83C8}.Debug|Any CPU.Build.0 = Debug|Any CPU
		{6676889D-98D2-4581-8E02-36DAB9EB83C8}.Release|Any CPU.ActiveCfg = Release|Any CPU
		{6676889D-98D2-4581-8E02-36DAB9EB83C8}.Release|Any CPU.Build.0 = Release|Any CPU
		{0B47ABF7-2675-44B2-95A7-414909B88276}.Debug|Any CPU.ActiveCfg = Debug|Any CPU
		{0B47ABF7-2675-44B2-95A7-414909B88276}.Debug|Any CPU.Build.0 = Debug|Any CPU
		{0B47ABF7-2675-44B2-95A7-414909B88276}.Release|Any CPU.ActiveCfg = Release|Any CPU
		{0B47ABF7-2675-44B2-95A7-414909B88276}.Release|Any CPU.Build.0 = Release|Any CPU
		{7884EA0B-97EC-4740-ABC9-99E21A470BB6}.Debug|Any CPU.ActiveCfg = Debug|Any CPU
		{7884EA0B-97EC-4740-ABC9-99E21A470BB6}.Debug|Any CPU.Build.0 = Debug|Any CPU
		{7884EA0B-97EC-4740-ABC9-99E21A470BB6}.Release|Any CPU.ActiveCfg = Release|Any CPU
		{7884EA0B-97EC-4740-ABC9-99E21A470BB6}.Release|Any CPU.Build.0 = Release|Any CPU
		{795A338E-D78C-457D-AC38-EE0C6E340AC9}.Debug|Any CPU.ActiveCfg = Debug|Any CPU
		{795A338E-D78C-457D-AC38-EE0C6E340AC9}.Debug|Any CPU.Build.0 = Debug|Any CPU
		{795A338E-D78C-457D-AC38-EE0C6E340AC9}.Release|Any CPU.ActiveCfg = Release|Any CPU
		{795A338E-D78C-457D-AC38-EE0C6E340AC9}.Release|Any CPU.Build.0 = Release|Any CPU
		{656ED32B-761A-454D-A70B-803B7F0331B2}.Debug|Any CPU.ActiveCfg = Debug|Any CPU
		{656ED32B-761A-454D-A70B-803B7F0331B2}.Debug|Any CPU.Build.0 = Debug|Any CPU
		{656ED32B-761A-454D-A70B-803B7F0331B2}.Release|Any CPU.ActiveCfg = Release|Any CPU
		{656ED32B-761A-454D-A70B-803B7F0331B2}.Release|Any CPU.Build.0 = Release|Any CPU
		{18033737-1E4A-4ED3-89F9-D9B5E27694A5}.Debug|Any CPU.ActiveCfg = Debug|Any CPU
		{18033737-1E4A-4ED3-89F9-D9B5E27694A5}.Debug|Any CPU.Build.0 = Debug|Any CPU
		{18033737-1E4A-4ED3-89F9-D9B5E27694A5}.Release|Any CPU.ActiveCfg = Release|Any CPU
		{18033737-1E4A-4ED3-89F9-D9B5E27694A5}.Release|Any CPU.Build.0 = Release|Any CPU
		{5E7031B2-44B4-456C-8941-7B1C2F03A5A7}.Debug|Any CPU.ActiveCfg = Debug|Any CPU
		{5E7031B2-44B4-456C-8941-7B1C2F03A5A7}.Debug|Any CPU.Build.0 = Debug|Any CPU
		{5E7031B2-44B4-456C-8941-7B1C2F03A5A7}.Release|Any CPU.ActiveCfg = Release|Any CPU
		{5E7031B2-44B4-456C-8941-7B1C2F03A5A7}.Release|Any CPU.Build.0 = Release|Any CPU
		{FD1D590A-38E9-4596-9F8E-8E9879A4FBB1}.Debug|Any CPU.ActiveCfg = Debug|Any CPU
		{FD1D590A-38E9-4596-9F8E-8E9879A4FBB1}.Debug|Any CPU.Build.0 = Debug|Any CPU
		{FD1D590A-38E9-4596-9F8E-8E9879A4FBB1}.Release|Any CPU.ActiveCfg = Release|Any CPU
		{FD1D590A-38E9-4596-9F8E-8E9879A4FBB1}.Release|Any CPU.Build.0 = Release|Any CPU
		{E193D4FF-EF70-4C89-A19C-E530407CE820}.Debug|Any CPU.ActiveCfg = Debug|Any CPU
		{E193D4FF-EF70-4C89-A19C-E530407CE820}.Debug|Any CPU.Build.0 = Debug|Any CPU
		{E193D4FF-EF70-4C89-A19C-E530407CE820}.Release|Any CPU.ActiveCfg = Release|Any CPU
		{E193D4FF-EF70-4C89-A19C-E530407CE820}.Release|Any CPU.Build.0 = Release|Any CPU
		{770DCFC3-7A5F-49EF-8D4B-575D69BA9524}.Debug|Any CPU.ActiveCfg = Debug|Any CPU
		{770DCFC3-7A5F-49EF-8D4B-575D69BA9524}.Debug|Any CPU.Build.0 = Debug|Any CPU
		{770DCFC3-7A5F-49EF-8D4B-575D69BA9524}.Release|Any CPU.ActiveCfg = Release|Any CPU
		{770DCFC3-7A5F-49EF-8D4B-575D69BA9524}.Release|Any CPU.Build.0 = Release|Any CPU
		{910BB651-2ACE-4D9B-AE77-C849453FFD56}.Debug|Any CPU.ActiveCfg = Debug|Any CPU
		{910BB651-2ACE-4D9B-AE77-C849453FFD56}.Debug|Any CPU.Build.0 = Debug|Any CPU
		{910BB651-2ACE-4D9B-AE77-C849453FFD56}.Release|Any CPU.ActiveCfg = Release|Any CPU
		{910BB651-2ACE-4D9B-AE77-C849453FFD56}.Release|Any CPU.Build.0 = Release|Any CPU
		{67597FF8-EFFE-424D-87E9-9597F13DAB7C}.Debug|Any CPU.ActiveCfg = Debug|Any CPU
		{67597FF8-EFFE-424D-87E9-9597F13DAB7C}.Debug|Any CPU.Build.0 = Debug|Any CPU
		{67597FF8-EFFE-424D-87E9-9597F13DAB7C}.Release|Any CPU.ActiveCfg = Release|Any CPU
		{67597FF8-EFFE-424D-87E9-9597F13DAB7C}.Release|Any CPU.Build.0 = Release|Any CPU
		{569C5A3E-F5FE-45F5-B5A2-86EFAF2CA404}.Debug|Any CPU.ActiveCfg = Debug|Any CPU
		{569C5A3E-F5FE-45F5-B5A2-86EFAF2CA404}.Debug|Any CPU.Build.0 = Debug|Any CPU
		{569C5A3E-F5FE-45F5-B5A2-86EFAF2CA404}.Release|Any CPU.ActiveCfg = Release|Any CPU
		{569C5A3E-F5FE-45F5-B5A2-86EFAF2CA404}.Release|Any CPU.Build.0 = Release|Any CPU
		{514211B4-314D-49CC-A817-EC0B682F8696}.Debug|Any CPU.ActiveCfg = Debug|Any CPU
		{514211B4-314D-49CC-A817-EC0B682F8696}.Debug|Any CPU.Build.0 = Debug|Any CPU
		{514211B4-314D-49CC-A817-EC0B682F8696}.Release|Any CPU.ActiveCfg = Release|Any CPU
		{514211B4-314D-49CC-A817-EC0B682F8696}.Release|Any CPU.Build.0 = Release|Any CPU
		{3BAAFB84-A5CA-42A5-81D0-EF09F8F0E7B1}.Debug|Any CPU.ActiveCfg = Debug|Any CPU
		{3BAAFB84-A5CA-42A5-81D0-EF09F8F0E7B1}.Debug|Any CPU.Build.0 = Debug|Any CPU
		{3BAAFB84-A5CA-42A5-81D0-EF09F8F0E7B1}.Release|Any CPU.ActiveCfg = Release|Any CPU
		{3BAAFB84-A5CA-42A5-81D0-EF09F8F0E7B1}.Release|Any CPU.Build.0 = Release|Any CPU
		{DCEED9F0-952E-4880-B993-708F04A573DC}.Debug|Any CPU.ActiveCfg = Debug|Any CPU
		{DCEED9F0-952E-4880-B993-708F04A573DC}.Debug|Any CPU.Build.0 = Debug|Any CPU
		{DCEED9F0-952E-4880-B993-708F04A573DC}.Release|Any CPU.ActiveCfg = Release|Any CPU
		{DCEED9F0-952E-4880-B993-708F04A573DC}.Release|Any CPU.Build.0 = Release|Any CPU
		{737EE6BD-6583-4AF2-BF16-E62620268F1E}.Debug|Any CPU.ActiveCfg = Debug|Any CPU
		{737EE6BD-6583-4AF2-BF16-E62620268F1E}.Debug|Any CPU.Build.0 = Debug|Any CPU
		{737EE6BD-6583-4AF2-BF16-E62620268F1E}.Release|Any CPU.ActiveCfg = Release|Any CPU
		{737EE6BD-6583-4AF2-BF16-E62620268F1E}.Release|Any CPU.Build.0 = Release|Any CPU
		{665F97B4-52B7-4ECB-94F0-CCF2238688B8}.Debug|Any CPU.ActiveCfg = Debug|Any CPU
		{665F97B4-52B7-4ECB-94F0-CCF2238688B8}.Debug|Any CPU.Build.0 = Debug|Any CPU
		{665F97B4-52B7-4ECB-94F0-CCF2238688B8}.Release|Any CPU.ActiveCfg = Release|Any CPU
		{665F97B4-52B7-4ECB-94F0-CCF2238688B8}.Release|Any CPU.Build.0 = Release|Any CPU
		{DAD5BCA8-85DF-4C73-9F9B-32D709B6F37C}.Debug|Any CPU.ActiveCfg = Debug|Any CPU
		{DAD5BCA8-85DF-4C73-9F9B-32D709B6F37C}.Debug|Any CPU.Build.0 = Debug|Any CPU
		{DAD5BCA8-85DF-4C73-9F9B-32D709B6F37C}.Release|Any CPU.ActiveCfg = Release|Any CPU
		{DAD5BCA8-85DF-4C73-9F9B-32D709B6F37C}.Release|Any CPU.Build.0 = Release|Any CPU
		{AA3624EE-91C1-4824-95AA-B1629CA10C24}.Debug|Any CPU.ActiveCfg = Debug|Any CPU
		{AA3624EE-91C1-4824-95AA-B1629CA10C24}.Debug|Any CPU.Build.0 = Debug|Any CPU
		{AA3624EE-91C1-4824-95AA-B1629CA10C24}.Release|Any CPU.ActiveCfg = Release|Any CPU
		{AA3624EE-91C1-4824-95AA-B1629CA10C24}.Release|Any CPU.Build.0 = Release|Any CPU
		{6C3B56A5-F539-4F9A-B958-50C70F741DDE}.Debug|Any CPU.ActiveCfg = Debug|Any CPU
		{6C3B56A5-F539-4F9A-B958-50C70F741DDE}.Debug|Any CPU.Build.0 = Debug|Any CPU
		{6C3B56A5-F539-4F9A-B958-50C70F741DDE}.Release|Any CPU.ActiveCfg = Release|Any CPU
		{6C3B56A5-F539-4F9A-B958-50C70F741DDE}.Release|Any CPU.Build.0 = Release|Any CPU
		{5072E539-37E4-4DD0-9E3D-6F1959D1B985}.Debug|Any CPU.ActiveCfg = Debug|Any CPU
		{5072E539-37E4-4DD0-9E3D-6F1959D1B985}.Debug|Any CPU.Build.0 = Debug|Any CPU
		{5072E539-37E4-4DD0-9E3D-6F1959D1B985}.Release|Any CPU.ActiveCfg = Release|Any CPU
		{5072E539-37E4-4DD0-9E3D-6F1959D1B985}.Release|Any CPU.Build.0 = Release|Any CPU
		{BC8EE9C8-5472-48C3-8D34-050CBAEAEC77}.Debug|Any CPU.ActiveCfg = Debug|Any CPU
		{BC8EE9C8-5472-48C3-8D34-050CBAEAEC77}.Debug|Any CPU.Build.0 = Debug|Any CPU
		{BC8EE9C8-5472-48C3-8D34-050CBAEAEC77}.Release|Any CPU.ActiveCfg = Release|Any CPU
		{BC8EE9C8-5472-48C3-8D34-050CBAEAEC77}.Release|Any CPU.Build.0 = Release|Any CPU
		{42A00889-F236-4210-8D2D-E22C8890BD23}.Debug|Any CPU.ActiveCfg = Debug|Any CPU
		{42A00889-F236-4210-8D2D-E22C8890BD23}.Debug|Any CPU.Build.0 = Debug|Any CPU
		{42A00889-F236-4210-8D2D-E22C8890BD23}.Release|Any CPU.ActiveCfg = Release|Any CPU
		{42A00889-F236-4210-8D2D-E22C8890BD23}.Release|Any CPU.Build.0 = Release|Any CPU
		{5CB9A174-9C07-4A31-9822-5537A39A1C16}.Debug|Any CPU.ActiveCfg = Debug|Any CPU
		{5CB9A174-9C07-4A31-9822-5537A39A1C16}.Debug|Any CPU.Build.0 = Debug|Any CPU
		{5CB9A174-9C07-4A31-9822-5537A39A1C16}.Release|Any CPU.ActiveCfg = Release|Any CPU
		{5CB9A174-9C07-4A31-9822-5537A39A1C16}.Release|Any CPU.Build.0 = Release|Any CPU
		{D7657803-4F05-4E97-ABEE-70F3474BF464}.Debug|Any CPU.ActiveCfg = Debug|Any CPU
		{D7657803-4F05-4E97-ABEE-70F3474BF464}.Debug|Any CPU.Build.0 = Debug|Any CPU
		{D7657803-4F05-4E97-ABEE-70F3474BF464}.Release|Any CPU.ActiveCfg = Release|Any CPU
		{D7657803-4F05-4E97-ABEE-70F3474BF464}.Release|Any CPU.Build.0 = Release|Any CPU
		{7475B4B5-3175-428D-B442-3D30E619B5FF}.Debug|Any CPU.ActiveCfg = Debug|Any CPU
		{7475B4B5-3175-428D-B442-3D30E619B5FF}.Debug|Any CPU.Build.0 = Debug|Any CPU
		{7475B4B5-3175-428D-B442-3D30E619B5FF}.Release|Any CPU.ActiveCfg = Release|Any CPU
		{7475B4B5-3175-428D-B442-3D30E619B5FF}.Release|Any CPU.Build.0 = Release|Any CPU
		{DC6C26F7-2012-4E6A-B804-C983311E0985}.Debug|Any CPU.ActiveCfg = Debug|Any CPU
		{DC6C26F7-2012-4E6A-B804-C983311E0985}.Debug|Any CPU.Build.0 = Debug|Any CPU
		{DC6C26F7-2012-4E6A-B804-C983311E0985}.Release|Any CPU.ActiveCfg = Release|Any CPU
		{DC6C26F7-2012-4E6A-B804-C983311E0985}.Release|Any CPU.Build.0 = Release|Any CPU
		{D47F8208-7698-4711-A76D-B8DD1362E2CA}.Debug|Any CPU.ActiveCfg = Debug|Any CPU
		{D47F8208-7698-4711-A76D-B8DD1362E2CA}.Debug|Any CPU.Build.0 = Debug|Any CPU
		{D47F8208-7698-4711-A76D-B8DD1362E2CA}.Release|Any CPU.ActiveCfg = Release|Any CPU
		{D47F8208-7698-4711-A76D-B8DD1362E2CA}.Release|Any CPU.Build.0 = Release|Any CPU
		{7D3A53B9-BFF9-4C1C-A9F9-324E266E213C}.Debug|Any CPU.ActiveCfg = Debug|Any CPU
		{7D3A53B9-BFF9-4C1C-A9F9-324E266E213C}.Debug|Any CPU.Build.0 = Debug|Any CPU
		{7D3A53B9-BFF9-4C1C-A9F9-324E266E213C}.Release|Any CPU.ActiveCfg = Release|Any CPU
		{7D3A53B9-BFF9-4C1C-A9F9-324E266E213C}.Release|Any CPU.Build.0 = Release|Any CPU
		{05DAB878-9751-4E5A-BF4D-BD86676C87EC}.Debug|Any CPU.ActiveCfg = Debug|Any CPU
		{05DAB878-9751-4E5A-BF4D-BD86676C87EC}.Debug|Any CPU.Build.0 = Debug|Any CPU
		{05DAB878-9751-4E5A-BF4D-BD86676C87EC}.Release|Any CPU.ActiveCfg = Release|Any CPU
		{05DAB878-9751-4E5A-BF4D-BD86676C87EC}.Release|Any CPU.Build.0 = Release|Any CPU
		{C553C734-CFCA-49DA-90B3-6657011D8817}.Debug|Any CPU.ActiveCfg = Debug|Any CPU
		{C553C734-CFCA-49DA-90B3-6657011D8817}.Debug|Any CPU.Build.0 = Debug|Any CPU
		{C553C734-CFCA-49DA-90B3-6657011D8817}.Release|Any CPU.ActiveCfg = Release|Any CPU
		{C553C734-CFCA-49DA-90B3-6657011D8817}.Release|Any CPU.Build.0 = Release|Any CPU
		{6D16CFD3-06F0-45B0-A815-E0EA9730FFBF}.Debug|Any CPU.ActiveCfg = Debug|Any CPU
		{6D16CFD3-06F0-45B0-A815-E0EA9730FFBF}.Debug|Any CPU.Build.0 = Debug|Any CPU
		{6D16CFD3-06F0-45B0-A815-E0EA9730FFBF}.Release|Any CPU.ActiveCfg = Release|Any CPU
		{6D16CFD3-06F0-45B0-A815-E0EA9730FFBF}.Release|Any CPU.Build.0 = Release|Any CPU
		{C55FE948-6CEC-4DDA-BAA4-E6997111CF6F}.Debug|Any CPU.ActiveCfg = Debug|Any CPU
		{C55FE948-6CEC-4DDA-BAA4-E6997111CF6F}.Debug|Any CPU.Build.0 = Debug|Any CPU
		{C55FE948-6CEC-4DDA-BAA4-E6997111CF6F}.Release|Any CPU.ActiveCfg = Release|Any CPU
		{C55FE948-6CEC-4DDA-BAA4-E6997111CF6F}.Release|Any CPU.Build.0 = Release|Any CPU
		{BCFDBB42-6D3C-4219-8207-C14E930BC4FF}.Debug|Any CPU.ActiveCfg = Debug|Any CPU
		{BCFDBB42-6D3C-4219-8207-C14E930BC4FF}.Debug|Any CPU.Build.0 = Debug|Any CPU
		{BCFDBB42-6D3C-4219-8207-C14E930BC4FF}.Release|Any CPU.ActiveCfg = Release|Any CPU
		{BCFDBB42-6D3C-4219-8207-C14E930BC4FF}.Release|Any CPU.Build.0 = Release|Any CPU
		{B416EA96-D47F-4C49-9E48-5F742830B852}.Debug|Any CPU.ActiveCfg = Debug|Any CPU
		{B416EA96-D47F-4C49-9E48-5F742830B852}.Debug|Any CPU.Build.0 = Debug|Any CPU
		{B416EA96-D47F-4C49-9E48-5F742830B852}.Release|Any CPU.ActiveCfg = Release|Any CPU
		{B416EA96-D47F-4C49-9E48-5F742830B852}.Release|Any CPU.Build.0 = Release|Any CPU
		{E3EC06D8-6D54-4978-B18F-0861910E0788}.Debug|Any CPU.ActiveCfg = Debug|Any CPU
		{E3EC06D8-6D54-4978-B18F-0861910E0788}.Debug|Any CPU.Build.0 = Debug|Any CPU
		{E3EC06D8-6D54-4978-B18F-0861910E0788}.Release|Any CPU.ActiveCfg = Release|Any CPU
		{E3EC06D8-6D54-4978-B18F-0861910E0788}.Release|Any CPU.Build.0 = Release|Any CPU
		{5DB28C1D-B799-4571-9DC7-D8800BF106F8}.Debug|Any CPU.ActiveCfg = Debug|Any CPU
		{5DB28C1D-B799-4571-9DC7-D8800BF106F8}.Debug|Any CPU.Build.0 = Debug|Any CPU
		{5DB28C1D-B799-4571-9DC7-D8800BF106F8}.Release|Any CPU.ActiveCfg = Release|Any CPU
		{5DB28C1D-B799-4571-9DC7-D8800BF106F8}.Release|Any CPU.Build.0 = Release|Any CPU
		{2C0B5DE6-4BD3-4439-AD3F-27A6C0E1E310}.Debug|Any CPU.ActiveCfg = Debug|Any CPU
		{2C0B5DE6-4BD3-4439-AD3F-27A6C0E1E310}.Debug|Any CPU.Build.0 = Debug|Any CPU
		{2C0B5DE6-4BD3-4439-AD3F-27A6C0E1E310}.Release|Any CPU.ActiveCfg = Release|Any CPU
		{2C0B5DE6-4BD3-4439-AD3F-27A6C0E1E310}.Release|Any CPU.Build.0 = Release|Any CPU
		{5CBFAE2A-A292-48F3-A0AB-88DFA80AB41B}.Debug|Any CPU.ActiveCfg = Debug|Any CPU
		{5CBFAE2A-A292-48F3-A0AB-88DFA80AB41B}.Debug|Any CPU.Build.0 = Debug|Any CPU
		{5CBFAE2A-A292-48F3-A0AB-88DFA80AB41B}.Release|Any CPU.ActiveCfg = Release|Any CPU
		{5CBFAE2A-A292-48F3-A0AB-88DFA80AB41B}.Release|Any CPU.Build.0 = Release|Any CPU
		{B2DB686C-2A9B-43C8-A69D-9D336CDD2707}.Debug|Any CPU.ActiveCfg = Debug|Any CPU
		{B2DB686C-2A9B-43C8-A69D-9D336CDD2707}.Debug|Any CPU.Build.0 = Debug|Any CPU
		{B2DB686C-2A9B-43C8-A69D-9D336CDD2707}.Release|Any CPU.ActiveCfg = Release|Any CPU
		{B2DB686C-2A9B-43C8-A69D-9D336CDD2707}.Release|Any CPU.Build.0 = Release|Any CPU
		{AA095E6C-3CE3-4897-94ED-C13161EC130B}.Debug|Any CPU.ActiveCfg = Debug|Any CPU
		{AA095E6C-3CE3-4897-94ED-C13161EC130B}.Debug|Any CPU.Build.0 = Debug|Any CPU
		{AA095E6C-3CE3-4897-94ED-C13161EC130B}.Release|Any CPU.ActiveCfg = Release|Any CPU
		{AA095E6C-3CE3-4897-94ED-C13161EC130B}.Release|Any CPU.Build.0 = Release|Any CPU
		{33C68F99-4F74-43B7-BE47-9F903EEA22BF}.Debug|Any CPU.ActiveCfg = Debug|Any CPU
		{33C68F99-4F74-43B7-BE47-9F903EEA22BF}.Debug|Any CPU.Build.0 = Debug|Any CPU
		{33C68F99-4F74-43B7-BE47-9F903EEA22BF}.Release|Any CPU.ActiveCfg = Release|Any CPU
		{33C68F99-4F74-43B7-BE47-9F903EEA22BF}.Release|Any CPU.Build.0 = Release|Any CPU
		{10F869F3-12BD-44B8-AE1B-5FF26A5A3067}.Debug|Any CPU.ActiveCfg = Debug|Any CPU
		{10F869F3-12BD-44B8-AE1B-5FF26A5A3067}.Debug|Any CPU.Build.0 = Debug|Any CPU
		{10F869F3-12BD-44B8-AE1B-5FF26A5A3067}.Release|Any CPU.ActiveCfg = Release|Any CPU
		{10F869F3-12BD-44B8-AE1B-5FF26A5A3067}.Release|Any CPU.Build.0 = Release|Any CPU
		{5AD66322-4000-4B36-BD4B-8784AFC8C017}.Debug|Any CPU.ActiveCfg = Debug|Any CPU
		{5AD66322-4000-4B36-BD4B-8784AFC8C017}.Debug|Any CPU.Build.0 = Debug|Any CPU
		{5AD66322-4000-4B36-BD4B-8784AFC8C017}.Release|Any CPU.ActiveCfg = Release|Any CPU
		{5AD66322-4000-4B36-BD4B-8784AFC8C017}.Release|Any CPU.Build.0 = Release|Any CPU
		{66E673E0-E6C3-4A31-9A2F-5EC857310F4C}.Debug|Any CPU.ActiveCfg = Debug|Any CPU
		{66E673E0-E6C3-4A31-9A2F-5EC857310F4C}.Debug|Any CPU.Build.0 = Debug|Any CPU
		{66E673E0-E6C3-4A31-9A2F-5EC857310F4C}.Release|Any CPU.ActiveCfg = Release|Any CPU
		{66E673E0-E6C3-4A31-9A2F-5EC857310F4C}.Release|Any CPU.Build.0 = Release|Any CPU
		{5902582D-F454-47E9-9C38-0EB06929954D}.Debug|Any CPU.ActiveCfg = Debug|Any CPU
		{5902582D-F454-47E9-9C38-0EB06929954D}.Debug|Any CPU.Build.0 = Debug|Any CPU
		{5902582D-F454-47E9-9C38-0EB06929954D}.Release|Any CPU.ActiveCfg = Release|Any CPU
		{5902582D-F454-47E9-9C38-0EB06929954D}.Release|Any CPU.Build.0 = Release|Any CPU
		{F5CA7B0F-E247-4F19-880A-5A56A7EA1AEA}.Debug|Any CPU.ActiveCfg = Debug|Any CPU
		{F5CA7B0F-E247-4F19-880A-5A56A7EA1AEA}.Debug|Any CPU.Build.0 = Debug|Any CPU
		{F5CA7B0F-E247-4F19-880A-5A56A7EA1AEA}.Release|Any CPU.ActiveCfg = Release|Any CPU
		{F5CA7B0F-E247-4F19-880A-5A56A7EA1AEA}.Release|Any CPU.Build.0 = Release|Any CPU
		{5943ADA2-39E1-43CA-AB2C-E9520CE2AD4B}.Debug|Any CPU.ActiveCfg = Debug|Any CPU
		{5943ADA2-39E1-43CA-AB2C-E9520CE2AD4B}.Debug|Any CPU.Build.0 = Debug|Any CPU
		{5943ADA2-39E1-43CA-AB2C-E9520CE2AD4B}.Release|Any CPU.ActiveCfg = Release|Any CPU
		{5943ADA2-39E1-43CA-AB2C-E9520CE2AD4B}.Release|Any CPU.Build.0 = Release|Any CPU
		{B8BC96D2-5BC7-4C63-87AD-090BFFEDD233}.Debug|Any CPU.ActiveCfg = Debug|Any CPU
		{B8BC96D2-5BC7-4C63-87AD-090BFFEDD233}.Debug|Any CPU.Build.0 = Debug|Any CPU
		{B8BC96D2-5BC7-4C63-87AD-090BFFEDD233}.Release|Any CPU.ActiveCfg = Release|Any CPU
		{B8BC96D2-5BC7-4C63-87AD-090BFFEDD233}.Release|Any CPU.Build.0 = Release|Any CPU
		{50FD76EE-A1C3-4F39-9FBD-F19BDC90C4C8}.Debug|Any CPU.ActiveCfg = Debug|Any CPU
		{50FD76EE-A1C3-4F39-9FBD-F19BDC90C4C8}.Debug|Any CPU.Build.0 = Debug|Any CPU
		{50FD76EE-A1C3-4F39-9FBD-F19BDC90C4C8}.Release|Any CPU.ActiveCfg = Release|Any CPU
		{50FD76EE-A1C3-4F39-9FBD-F19BDC90C4C8}.Release|Any CPU.Build.0 = Release|Any CPU
		{3CE4DFCB-5ABA-41DA-B19E-2444382CE155}.Debug|Any CPU.ActiveCfg = Debug|Any CPU
		{3CE4DFCB-5ABA-41DA-B19E-2444382CE155}.Debug|Any CPU.Build.0 = Debug|Any CPU
		{3CE4DFCB-5ABA-41DA-B19E-2444382CE155}.Release|Any CPU.ActiveCfg = Release|Any CPU
		{3CE4DFCB-5ABA-41DA-B19E-2444382CE155}.Release|Any CPU.Build.0 = Release|Any CPU
		{44593EFF-5437-448C-A11C-5DFC616124BE}.Debug|Any CPU.ActiveCfg = Debug|Any CPU
		{44593EFF-5437-448C-A11C-5DFC616124BE}.Debug|Any CPU.Build.0 = Debug|Any CPU
		{44593EFF-5437-448C-A11C-5DFC616124BE}.Release|Any CPU.ActiveCfg = Release|Any CPU
		{44593EFF-5437-448C-A11C-5DFC616124BE}.Release|Any CPU.Build.0 = Release|Any CPU
		{29D538E8-9CB5-424B-9DE9-84B5CCBDC247}.Debug|Any CPU.ActiveCfg = Debug|Any CPU
		{29D538E8-9CB5-424B-9DE9-84B5CCBDC247}.Debug|Any CPU.Build.0 = Debug|Any CPU
		{29D538E8-9CB5-424B-9DE9-84B5CCBDC247}.Release|Any CPU.ActiveCfg = Release|Any CPU
		{29D538E8-9CB5-424B-9DE9-84B5CCBDC247}.Release|Any CPU.Build.0 = Release|Any CPU
		{AF0E2B80-2074-44C4-A419-C8F1DA0BAA78}.Debug|Any CPU.ActiveCfg = Debug|Any CPU
		{AF0E2B80-2074-44C4-A419-C8F1DA0BAA78}.Debug|Any CPU.Build.0 = Debug|Any CPU
		{AF0E2B80-2074-44C4-A419-C8F1DA0BAA78}.Release|Any CPU.ActiveCfg = Release|Any CPU
		{AF0E2B80-2074-44C4-A419-C8F1DA0BAA78}.Release|Any CPU.Build.0 = Release|Any CPU
		{E615DD64-1099-4D17-A219-ACC7D28B743A}.Debug|Any CPU.ActiveCfg = Debug|Any CPU
		{E615DD64-1099-4D17-A219-ACC7D28B743A}.Debug|Any CPU.Build.0 = Debug|Any CPU
		{E615DD64-1099-4D17-A219-ACC7D28B743A}.Release|Any CPU.ActiveCfg = Release|Any CPU
		{E615DD64-1099-4D17-A219-ACC7D28B743A}.Release|Any CPU.Build.0 = Release|Any CPU
		{DA38CDD4-C54D-4867-A90E-E41401BC39A7}.Debug|Any CPU.ActiveCfg = Debug|Any CPU
		{DA38CDD4-C54D-4867-A90E-E41401BC39A7}.Debug|Any CPU.Build.0 = Debug|Any CPU
		{DA38CDD4-C54D-4867-A90E-E41401BC39A7}.Release|Any CPU.ActiveCfg = Release|Any CPU
		{DA38CDD4-C54D-4867-A90E-E41401BC39A7}.Release|Any CPU.Build.0 = Release|Any CPU
		{605A09F1-4F78-47F1-A2C5-FCFFC8F4B7D1}.Debug|Any CPU.ActiveCfg = Debug|Any CPU
		{605A09F1-4F78-47F1-A2C5-FCFFC8F4B7D1}.Debug|Any CPU.Build.0 = Debug|Any CPU
		{605A09F1-4F78-47F1-A2C5-FCFFC8F4B7D1}.Release|Any CPU.ActiveCfg = Release|Any CPU
		{605A09F1-4F78-47F1-A2C5-FCFFC8F4B7D1}.Release|Any CPU.Build.0 = Release|Any CPU
		{6A77FFB4-B4E4-40EB-AF68-95366180EA04}.Debug|Any CPU.ActiveCfg = Debug|Any CPU
		{6A77FFB4-B4E4-40EB-AF68-95366180EA04}.Debug|Any CPU.Build.0 = Debug|Any CPU
		{6A77FFB4-B4E4-40EB-AF68-95366180EA04}.Release|Any CPU.ActiveCfg = Release|Any CPU
		{6A77FFB4-B4E4-40EB-AF68-95366180EA04}.Release|Any CPU.Build.0 = Release|Any CPU
		{07070F3F-B57E-4AC5-B28F-76CD6DF7F04A}.Debug|Any CPU.ActiveCfg = Debug|Any CPU
		{07070F3F-B57E-4AC5-B28F-76CD6DF7F04A}.Debug|Any CPU.Build.0 = Debug|Any CPU
		{07070F3F-B57E-4AC5-B28F-76CD6DF7F04A}.Release|Any CPU.ActiveCfg = Release|Any CPU
		{07070F3F-B57E-4AC5-B28F-76CD6DF7F04A}.Release|Any CPU.Build.0 = Release|Any CPU
		{64FF6481-3B63-4A0B-8A2F-ED972AE57CBA}.Debug|Any CPU.ActiveCfg = Debug|Any CPU
		{64FF6481-3B63-4A0B-8A2F-ED972AE57CBA}.Debug|Any CPU.Build.0 = Debug|Any CPU
		{64FF6481-3B63-4A0B-8A2F-ED972AE57CBA}.Release|Any CPU.ActiveCfg = Release|Any CPU
		{64FF6481-3B63-4A0B-8A2F-ED972AE57CBA}.Release|Any CPU.Build.0 = Release|Any CPU
	EndGlobalSection
	GlobalSection(SolutionProperties) = preSolution
		HideSolutionNode = FALSE
	EndGlobalSection
	GlobalSection(NestedProjects) = preSolution
		{94BD50E0-44C9-4234-99AF-9839E35BFFD9} = {65344982-9D86-4E56-9F8D-F717438271AB}
		{27802CEA-876E-496C-B3D9-7585A7BE9BE2} = {65344982-9D86-4E56-9F8D-F717438271AB}
		{65344982-9D86-4E56-9F8D-F717438271AB} = {F8B35BE2-0BD7-4437-BB69-26FD2B21F41D}
		{3DE62497-F2C1-44C0-9F5D-3710482AE30F} = {F8B35BE2-0BD7-4437-BB69-26FD2B21F41D}
		{9208115D-CC33-404A-9A8D-6B5CB9A62D57} = {3DE62497-F2C1-44C0-9F5D-3710482AE30F}
		{527159B9-0997-40AA-9C36-C88761F0ADFD} = {3DE62497-F2C1-44C0-9F5D-3710482AE30F}
		{C6E5DA85-391E-4FE5-A76D-8BC4AB492716} = {F8B35BE2-0BD7-4437-BB69-26FD2B21F41D}
		{4471EAC2-2270-4BAD-B68D-7D095A83457C} = {6052300A-E1AE-4567-BF55-9E995B3779A9}
		{37345424-D10F-47EF-8585-A3F919A124EC} = {6052300A-E1AE-4567-BF55-9E995B3779A9}
		{445F82B9-87A3-4E93-BCE1-13775B8401D6} = {097FB1E8-209F-422C-8536-F258746F3AA5}
		{E21E1DFC-8E7A-4F33-81ED-457DC6B3021E} = {097FB1E8-209F-422C-8536-F258746F3AA5}
		{097FB1E8-209F-422C-8536-F258746F3AA5} = {C6E5DA85-391E-4FE5-A76D-8BC4AB492716}
		{6052300A-E1AE-4567-BF55-9E995B3779A9} = {C6E5DA85-391E-4FE5-A76D-8BC4AB492716}
		{D2C9F56C-CC4C-4B30-8A00-D72D5CF1B375} = {C6E5DA85-391E-4FE5-A76D-8BC4AB492716}
		{03A6047D-CF85-4BC2-85CF-9173C34CBDBC} = {D2C9F56C-CC4C-4B30-8A00-D72D5CF1B375}
		{7F8FDC11-3325-4328-ACBB-CB473C7453B8} = {D2C9F56C-CC4C-4B30-8A00-D72D5CF1B375}
		{7483D303-F9DC-4EBA-AE22-E5F166EB69F6} = {F8B35BE2-0BD7-4437-BB69-26FD2B21F41D}
		{82C4135E-79EF-4479-BEEF-A3D8D39A1F50} = {7483D303-F9DC-4EBA-AE22-E5F166EB69F6}
		{70D6EDA0-230B-445F-8C3E-F5C925DE7D49} = {7483D303-F9DC-4EBA-AE22-E5F166EB69F6}
		{BCB93DE2-9E67-406B-8ED1-EC55246271AC} = {7483D303-F9DC-4EBA-AE22-E5F166EB69F6}
		{4740C9E4-AD0C-4703-A149-544CD849FDA3} = {7483D303-F9DC-4EBA-AE22-E5F166EB69F6}
		{82A2BF90-4DFE-4B24-9767-8EE2FA2EC04D} = {F8B35BE2-0BD7-4437-BB69-26FD2B21F41D}
		{21F09724-95E6-4594-AFD1-A98688771229} = {D917F5BB-CAD2-40EF-8C16-118A9AD62CF9}
		{96438889-71EE-4691-AB55-9C5492B50FC5} = {82A2BF90-4DFE-4B24-9767-8EE2FA2EC04D}
		{615326D6-9A5D-47BC-B2B5-093B587A0CC2} = {82A2BF90-4DFE-4B24-9767-8EE2FA2EC04D}
		{38609751-D4A5-4629-B91C-1046598046DB} = {82A2BF90-4DFE-4B24-9767-8EE2FA2EC04D}
		{603ED5E3-FA97-4D88-A8D1-523879FC4943} = {58A0C7FF-350F-4B1E-BCEB-2AC85A72167B}
		{FD33349C-4763-45A6-B94A-01F74066862C} = {58A0C7FF-350F-4B1E-BCEB-2AC85A72167B}
		{DD7D58BF-A7E3-492B-A2F1-4BF389714627} = {58A0C7FF-350F-4B1E-BCEB-2AC85A72167B}
		{B0F29B34-F6A6-44B1-ACA7-7C42142DDD33} = {58A0C7FF-350F-4B1E-BCEB-2AC85A72167B}
		{B95438E0-6C81-4E54-BF84-31FA69087D63} = {58A0C7FF-350F-4B1E-BCEB-2AC85A72167B}
		{9E3E094E-A5D8-4139-AE64-FA659A54B3AD} = {58A0C7FF-350F-4B1E-BCEB-2AC85A72167B}
		{E8B1D99E-EFAD-477E-BCD5-F8FAE7A8E3A5} = {58A0C7FF-350F-4B1E-BCEB-2AC85A72167B}
		{64F98226-3028-4F28-81D0-BA1CB6C11EC2} = {58A0C7FF-350F-4B1E-BCEB-2AC85A72167B}
		{6676889D-98D2-4581-8E02-36DAB9EB83C8} = {64F98226-3028-4F28-81D0-BA1CB6C11EC2}
		{0B47ABF7-2675-44B2-95A7-414909B88276} = {64F98226-3028-4F28-81D0-BA1CB6C11EC2}
		{7884EA0B-97EC-4740-ABC9-99E21A470BB6} = {07DF8924-F628-4AA0-ADD9-92753A4919ED}
		{795A338E-D78C-457D-AC38-EE0C6E340AC9} = {07DF8924-F628-4AA0-ADD9-92753A4919ED}
		{656ED32B-761A-454D-A70B-803B7F0331B2} = {07DF8924-F628-4AA0-ADD9-92753A4919ED}
		{18033737-1E4A-4ED3-89F9-D9B5E27694A5} = {07DF8924-F628-4AA0-ADD9-92753A4919ED}
		{5E7031B2-44B4-456C-8941-7B1C2F03A5A7} = {07DF8924-F628-4AA0-ADD9-92753A4919ED}
		{FD1D590A-38E9-4596-9F8E-8E9879A4FBB1} = {07DF8924-F628-4AA0-ADD9-92753A4919ED}
		{E193D4FF-EF70-4C89-A19C-E530407CE820} = {07DF8924-F628-4AA0-ADD9-92753A4919ED}
		{770DCFC3-7A5F-49EF-8D4B-575D69BA9524} = {67063D8A-127B-48DB-857A-213F018AA760}
		{67063D8A-127B-48DB-857A-213F018AA760} = {DEB9EFB6-B7E1-4EC7-8592-369CE773B73C}
		{910BB651-2ACE-4D9B-AE77-C849453FFD56} = {67063D8A-127B-48DB-857A-213F018AA760}
		{D8DB5A0D-CA79-4DC6-A8CA-FEDD879BA8EA} = {DEB9EFB6-B7E1-4EC7-8592-369CE773B73C}
		{67597FF8-EFFE-424D-87E9-9597F13DAB7C} = {D8DB5A0D-CA79-4DC6-A8CA-FEDD879BA8EA}
		{569C5A3E-F5FE-45F5-B5A2-86EFAF2CA404} = {DEB9EFB6-B7E1-4EC7-8592-369CE773B73C}
		{514211B4-314D-49CC-A817-EC0B682F8696} = {C9903C47-3943-4EB1-86D0-237974F6E3E9}
		{3BAAFB84-A5CA-42A5-81D0-EF09F8F0E7B1} = {C9903C47-3943-4EB1-86D0-237974F6E3E9}
		{DCEED9F0-952E-4880-B993-708F04A573DC} = {C9903C47-3943-4EB1-86D0-237974F6E3E9}
		{737EE6BD-6583-4AF2-BF16-E62620268F1E} = {C9903C47-3943-4EB1-86D0-237974F6E3E9}
		{665F97B4-52B7-4ECB-94F0-CCF2238688B8} = {C9903C47-3943-4EB1-86D0-237974F6E3E9}
		{DAD5BCA8-85DF-4C73-9F9B-32D709B6F37C} = {C9903C47-3943-4EB1-86D0-237974F6E3E9}
		{AA3624EE-91C1-4824-95AA-B1629CA10C24} = {1D9C8446-A07A-4CF7-8E51-989BFCA38FE9}
		{6C3B56A5-F539-4F9A-B958-50C70F741DDE} = {1D9C8446-A07A-4CF7-8E51-989BFCA38FE9}
		{5072E539-37E4-4DD0-9E3D-6F1959D1B985} = {1D9C8446-A07A-4CF7-8E51-989BFCA38FE9}
		{BC8EE9C8-5472-48C3-8D34-050CBAEAEC77} = {DEB9EFB6-B7E1-4EC7-8592-369CE773B73C}
		{42A00889-F236-4210-8D2D-E22C8890BD23} = {E0DE0BF1-851A-42BE-B25B-5EFE67FC0E10}
		{5CB9A174-9C07-4A31-9822-5537A39A1C16} = {1D9C8446-A07A-4CF7-8E51-989BFCA38FE9}
		{D7657803-4F05-4E97-ABEE-70F3474BF464} = {E0DE0BF1-851A-42BE-B25B-5EFE67FC0E10}
		{7475B4B5-3175-428D-B442-3D30E619B5FF} = {1690AFEB-7CDD-41CC-8A03-6231B31B7347}
		{DC6C26F7-2012-4E6A-B804-C983311E0985} = {1690AFEB-7CDD-41CC-8A03-6231B31B7347}
		{D47F8208-7698-4711-A76D-B8DD1362E2CA} = {1690AFEB-7CDD-41CC-8A03-6231B31B7347}
		{7D3A53B9-BFF9-4C1C-A9F9-324E266E213C} = {D917F5BB-CAD2-40EF-8C16-118A9AD62CF9}
		{05DAB878-9751-4E5A-BF4D-BD86676C87EC} = {A045895F-2361-4901-B745-D3D50F8F1D0B}
		{C553C734-CFCA-49DA-90B3-6657011D8817} = {A045895F-2361-4901-B745-D3D50F8F1D0B}
		{6D16CFD3-06F0-45B0-A815-E0EA9730FFBF} = {D10F459D-2239-4ADD-9557-5E8522E9761E}
		{C55FE948-6CEC-4DDA-BAA4-E6997111CF6F} = {D10F459D-2239-4ADD-9557-5E8522E9761E}
		{BCFDBB42-6D3C-4219-8207-C14E930BC4FF} = {D10F459D-2239-4ADD-9557-5E8522E9761E}
		{B416EA96-D47F-4C49-9E48-5F742830B852} = {D10F459D-2239-4ADD-9557-5E8522E9761E}
		{E3EC06D8-6D54-4978-B18F-0861910E0788} = {A027B3F9-8AE0-49A3-B427-A2BE7D955A4A}
		{5DB28C1D-B799-4571-9DC7-D8800BF106F8} = {95451444-5E2F-4B5A-9474-DA53627EFB15}
		{2C0B5DE6-4BD3-4439-AD3F-27A6C0E1E310} = {95451444-5E2F-4B5A-9474-DA53627EFB15}
		{5CBFAE2A-A292-48F3-A0AB-88DFA80AB41B} = {AC1E8FB5-4D4A-4127-BCA0-FDD7D75D46BE}
		{B2DB686C-2A9B-43C8-A69D-9D336CDD2707} = {AC1E8FB5-4D4A-4127-BCA0-FDD7D75D46BE}
		{AA095E6C-3CE3-4897-94ED-C13161EC130B} = {605B6CCB-7A7E-4788-92CC-1269FB06D3A7}
		{33C68F99-4F74-43B7-BE47-9F903EEA22BF} = {605B6CCB-7A7E-4788-92CC-1269FB06D3A7}
		{10F869F3-12BD-44B8-AE1B-5FF26A5A3067} = {605B6CCB-7A7E-4788-92CC-1269FB06D3A7}
		{5AD66322-4000-4B36-BD4B-8784AFC8C017} = {83942F34-664F-48EC-B3C2-43CD369FFAB8}
		{66E673E0-E6C3-4A31-9A2F-5EC857310F4C} = {83942F34-664F-48EC-B3C2-43CD369FFAB8}
		{5902582D-F454-47E9-9C38-0EB06929954D} = {7DACFEA8-C550-4C10-B98B-E4A4303E80A3}
		{F5CA7B0F-E247-4F19-880A-5A56A7EA1AEA} = {7DACFEA8-C550-4C10-B98B-E4A4303E80A3}
		{5943ADA2-39E1-43CA-AB2C-E9520CE2AD4B} = {4A1E6105-3DD4-41AE-AFA4-A90974448060}
		{B8BC96D2-5BC7-4C63-87AD-090BFFEDD233} = {4A1E6105-3DD4-41AE-AFA4-A90974448060}
		{50FD76EE-A1C3-4F39-9FBD-F19BDC90C4C8} = {4A1E6105-3DD4-41AE-AFA4-A90974448060}
		{3CE4DFCB-5ABA-41DA-B19E-2444382CE155} = {4A1E6105-3DD4-41AE-AFA4-A90974448060}
		{44593EFF-5437-448C-A11C-5DFC616124BE} = {4A1E6105-3DD4-41AE-AFA4-A90974448060}
		{29D538E8-9CB5-424B-9DE9-84B5CCBDC247} = {F311A296-D62D-4BF4-8637-9BF258B2B0C3}
		{AF0E2B80-2074-44C4-A419-C8F1DA0BAA78} = {F311A296-D62D-4BF4-8637-9BF258B2B0C3}
		{E615DD64-1099-4D17-A219-ACC7D28B743A} = {F311A296-D62D-4BF4-8637-9BF258B2B0C3}
		{DA38CDD4-C54D-4867-A90E-E41401BC39A7} = {F311A296-D62D-4BF4-8637-9BF258B2B0C3}
		{605A09F1-4F78-47F1-A2C5-FCFFC8F4B7D1} = {7DACFEA8-C550-4C10-B98B-E4A4303E80A3}
		{6A77FFB4-B4E4-40EB-AF68-95366180EA04} = {2D7A75EB-DE2E-48FA-9369-29F2C1BCD0FE}
		{07070F3F-B57E-4AC5-B28F-76CD6DF7F04A} = {2D7A75EB-DE2E-48FA-9369-29F2C1BCD0FE}
		{64FF6481-3B63-4A0B-8A2F-ED972AE57CBA} = {2D7A75EB-DE2E-48FA-9369-29F2C1BCD0FE}
	EndGlobalSection
	GlobalSection(ExtensibilityGlobals) = postSolution
		SolutionGuid = {30FAF47C-0296-43BB-BD48-5F74806C89CD}
	EndGlobalSection
EndGlobal
